
Microsoft Visual Studio Solution File, Format Version 12.00
# Visual Studio 14
VisualStudioVersion = 14.0.23107.0
MinimumVisualStudioVersion = 10.0.40219.1
Project("{FAE04EC0-301F-11D3-BF4B-00C04F79EFBC}") = "michalaresSite", "michalaresSite\michalaresSite.csproj", "{EBB902C5-3039-4693-8AA1-26930EC9E1DF}"
EndProject
Project("{FAE04EC0-301F-11D3-BF4B-00C04F79EFBC}") = "michalaresSite.Tests", "michalaresSite.Tests\michalaresSite.Tests.csproj", "{C7227B0F-0A13-497D-9483-C6E9B6C54BCD}"
EndProject
Global
	GlobalSection(SolutionConfigurationPlatforms) = preSolution
		Debug|Any CPU = Debug|Any CPU
		Release|Any CPU = Release|Any CPU
	EndGlobalSection
	GlobalSection(ProjectConfigurationPlatforms) = postSolution
		{EBB902C5-3039-4693-8AA1-26930EC9E1DF}.Debug|Any CPU.ActiveCfg = Debug|Any CPU
		{EBB902C5-3039-4693-8AA1-26930EC9E1DF}.Debug|Any CPU.Build.0 = Debug|Any CPU
		{EBB902C5-3039-4693-8AA1-26930EC9E1DF}.Release|Any CPU.ActiveCfg = Release|Any CPU
		{EBB902C5-3039-4693-8AA1-26930EC9E1DF}.Release|Any CPU.Build.0 = Release|Any CPU
		{C7227B0F-0A13-497D-9483-C6E9B6C54BCD}.Debug|Any CPU.ActiveCfg = Debug|Any CPU
		{C7227B0F-0A13-497D-9483-C6E9B6C54BCD}.Debug|Any CPU.Build.0 = Debug|Any CPU
		{C7227B0F-0A13-497D-9483-C6E9B6C54BCD}.Release|Any CPU.ActiveCfg = Release|Any CPU
		{C7227B0F-0A13-497D-9483-C6E9B6C54BCD}.Release|Any CPU.Build.0 = Release|Any CPU
	EndGlobalSection
	GlobalSection(SolutionProperties) = preSolution
		HideSolutionNode = FALSE
	EndGlobalSection
EndGlobal
